// !$*UTF8*$!
{
	archiveVersion = 1;
	classes = {
	};
	objectVersion = 46;
	objects = {

/* Begin PBXBuildFile section */
		A699343B195C6F6700EB265F /* AppDelegate.swift in Sources */ = {isa = PBXBuildFile; fileRef = A699343A195C6F6700EB265F /* AppDelegate.swift */; };
		A699343D195C6F6700EB265F /* ViewController.swift in Sources */ = {isa = PBXBuildFile; fileRef = A699343C195C6F6700EB265F /* ViewController.swift */; };
		A6993440195C6F6700EB265F /* Main.storyboard in Resources */ = {isa = PBXBuildFile; fileRef = A699343E195C6F6700EB265F /* Main.storyboard */; };
		A6993442195C6F6700EB265F /* Images.xcassets in Resources */ = {isa = PBXBuildFile; fileRef = A6993441195C6F6700EB265F /* Images.xcassets */; };
		A699344E195C6F6700EB265F /* BouncyViewTests.swift in Sources */ = {isa = PBXBuildFile; fileRef = A699344D195C6F6700EB265F /* BouncyViewTests.swift */; };
/* End PBXBuildFile section */

/* Begin PBXContainerItemProxy section */
		A6993448195C6F6700EB265F /* PBXContainerItemProxy */ = {
			isa = PBXContainerItemProxy;
			containerPortal = A699342D195C6F6700EB265F /* Project object */;
			proxyType = 1;
			remoteGlobalIDString = A6993434195C6F6700EB265F;
			remoteInfo = BouncyView;
		};
/* End PBXContainerItemProxy section */

/* Begin PBXFileReference section */
		A6993435195C6F6700EB265F /* BouncyView.app */ = {isa = PBXFileReference; explicitFileType = wrapper.application; includeInIndex = 0; path = BouncyView.app; sourceTree = BUILT_PRODUCTS_DIR; };
		A6993439195C6F6700EB265F /* Info.plist */ = {isa = PBXFileReference; lastKnownFileType = text.plist.xml; path = Info.plist; sourceTree = "<group>"; };
		A699343A195C6F6700EB265F /* AppDelegate.swift */ = {isa = PBXFileReference; lastKnownFileType = sourcecode.swift; path = AppDelegate.swift; sourceTree = "<group>"; };
		A699343C195C6F6700EB265F /* ViewController.swift */ = {isa = PBXFileReference; lastKnownFileType = sourcecode.swift; path = ViewController.swift; sourceTree = "<group>"; };
		A699343F195C6F6700EB265F /* Base */ = {isa = PBXFileReference; lastKnownFileType = file.storyboard; name = Base; path = Base.lproj/Main.storyboard; sourceTree = "<group>"; };
		A6993441195C6F6700EB265F /* Images.xcassets */ = {isa = PBXFileReference; lastKnownFileType = folder.assetcatalog; path = Images.xcassets; sourceTree = "<group>"; };
		A6993447195C6F6700EB265F /* BouncyViewTests.xctest */ = {isa = PBXFileReference; explicitFileType = wrapper.cfbundle; includeInIndex = 0; path = BouncyViewTests.xctest; sourceTree = BUILT_PRODUCTS_DIR; };
		A699344C195C6F6700EB265F /* Info.plist */ = {isa = PBXFileReference; lastKnownFileType = text.plist.xml; path = Info.plist; sourceTree = "<group>"; };
		A699344D195C6F6700EB265F /* BouncyViewTests.swift */ = {isa = PBXFileReference; lastKnownFileType = sourcecode.swift; path = BouncyViewTests.swift; sourceTree = "<group>"; };
/* End PBXFileReference section */

/* Begin PBXFrameworksBuildPhase section */
		A6993432195C6F6700EB265F /* Frameworks */ = {
			isa = PBXFrameworksBuildPhase;
			buildActionMask = 2147483647;
			files = (
			);
			runOnlyForDeploymentPostprocessing = 0;
		};
		A6993444195C6F6700EB265F /* Frameworks */ = {
			isa = PBXFrameworksBuildPhase;
			buildActionMask = 2147483647;
			files = (
			);
			runOnlyForDeploymentPostprocessing = 0;
		};
/* End PBXFrameworksBuildPhase section */

/* Begin PBXGroup section */
		A699342C195C6F6700EB265F = {
			isa = PBXGroup;
			children = (
				A6993437195C6F6700EB265F /* BouncyView */,
				A699344A195C6F6700EB265F /* BouncyViewTests */,
				A6993436195C6F6700EB265F /* Products */,
			);
			sourceTree = "<group>";
		};
		A6993436195C6F6700EB265F /* Products */ = {
			isa = PBXGroup;
			children = (
				A6993435195C6F6700EB265F /* BouncyView.app */,
				A6993447195C6F6700EB265F /* BouncyViewTests.xctest */,
			);
			name = Products;
			sourceTree = "<group>";
		};
		A6993437195C6F6700EB265F /* BouncyView */ = {
			isa = PBXGroup;
			children = (
				A699343A195C6F6700EB265F /* AppDelegate.swift */,
				A699343C195C6F6700EB265F /* ViewController.swift */,
				A699343E195C6F6700EB265F /* Main.storyboard */,
				A6993441195C6F6700EB265F /* Images.xcassets */,
				A6993438195C6F6700EB265F /* Supporting Files */,
			);
			path = BouncyView;
			sourceTree = "<group>";
		};
		A6993438195C6F6700EB265F /* Supporting Files */ = {
			isa = PBXGroup;
			children = (
				A6993439195C6F6700EB265F /* Info.plist */,
			);
			name = "Supporting Files";
			sourceTree = "<group>";
		};
		A699344A195C6F6700EB265F /* BouncyViewTests */ = {
			isa = PBXGroup;
			children = (
				A699344D195C6F6700EB265F /* BouncyViewTests.swift */,
				A699344B195C6F6700EB265F /* Supporting Files */,
			);
			path = BouncyViewTests;
			sourceTree = "<group>";
		};
		A699344B195C6F6700EB265F /* Supporting Files */ = {
			isa = PBXGroup;
			children = (
				A699344C195C6F6700EB265F /* Info.plist */,
			);
			name = "Supporting Files";
			sourceTree = "<group>";
		};
/* End PBXGroup section */

/* Begin PBXNativeTarget section */
		A6993434195C6F6700EB265F /* BouncyView */ = {
			isa = PBXNativeTarget;
			buildConfigurationList = A6993451195C6F6700EB265F /* Build configuration list for PBXNativeTarget "BouncyView" */;
			buildPhases = (
				A6993431195C6F6700EB265F /* Sources */,
				A6993432195C6F6700EB265F /* Frameworks */,
				A6993433195C6F6700EB265F /* Resources */,
			);
			buildRules = (
			);
			dependencies = (
			);
			name = BouncyView;
			productName = BouncyView;
			productReference = A6993435195C6F6700EB265F /* BouncyView.app */;
			productType = "com.apple.product-type.application";
		};
		A6993446195C6F6700EB265F /* BouncyViewTests */ = {
			isa = PBXNativeTarget;
			buildConfigurationList = A6993454195C6F6700EB265F /* Build configuration list for PBXNativeTarget "BouncyViewTests" */;
			buildPhases = (
				A6993443195C6F6700EB265F /* Sources */,
				A6993444195C6F6700EB265F /* Frameworks */,
				A6993445195C6F6700EB265F /* Resources */,
			);
			buildRules = (
			);
			dependencies = (
				A6993449195C6F6700EB265F /* PBXTargetDependency */,
			);
			name = BouncyViewTests;
			productName = BouncyViewTests;
			productReference = A6993447195C6F6700EB265F /* BouncyViewTests.xctest */;
			productType = "com.apple.product-type.bundle.unit-test";
		};
/* End PBXNativeTarget section */

/* Begin PBXProject section */
		A699342D195C6F6700EB265F /* Project object */ = {
			isa = PBXProject;
			attributes = {
				LastUpgradeCheck = 0600;
				ORGANIZATIONNAME = "Arkadiusz Holko";
				TargetAttributes = {
					A6993434195C6F6700EB265F = {
						CreatedOnToolsVersion = 6.0;
					};
					A6993446195C6F6700EB265F = {
						CreatedOnToolsVersion = 6.0;
						TestTargetID = A6993434195C6F6700EB265F;
					};
				};
			};
			buildConfigurationList = A6993430195C6F6700EB265F /* Build configuration list for PBXProject "BouncyView" */;
			compatibilityVersion = "Xcode 3.2";
			developmentRegion = English;
			hasScannedForEncodings = 0;
			knownRegions = (
				en,
				Base,
			);
			mainGroup = A699342C195C6F6700EB265F;
			productRefGroup = A6993436195C6F6700EB265F /* Products */;
			projectDirPath = "";
			projectRoot = "";
			targets = (
				A6993434195C6F6700EB265F /* BouncyView */,
				A6993446195C6F6700EB265F /* BouncyViewTests */,
			);
		};
/* End PBXProject section */

/* Begin PBXResourcesBuildPhase section */
		A6993433195C6F6700EB265F /* Resources */ = {
			isa = PBXResourcesBuildPhase;
			buildActionMask = 2147483647;
			files = (
				A6993440195C6F6700EB265F /* Main.storyboard in Resources */,
				A6993442195C6F6700EB265F /* Images.xcassets in Resources */,
			);
			runOnlyForDeploymentPostprocessing = 0;
		};
		A6993445195C6F6700EB265F /* Resources */ = {
			isa = PBXResourcesBuildPhase;
			buildActionMask = 2147483647;
			files = (
			);
			runOnlyForDeploymentPostprocessing = 0;
		};
/* End PBXResourcesBuildPhase section */

/* Begin PBXSourcesBuildPhase section */
		A6993431195C6F6700EB265F /* Sources */ = {
			isa = PBXSourcesBuildPhase;
			buildActionMask = 2147483647;
			files = (
				A699343D195C6F6700EB265F /* ViewController.swift in Sources */,
				A699343B195C6F6700EB265F /* AppDelegate.swift in Sources */,
			);
			runOnlyForDeploymentPostprocessing = 0;
		};
		A6993443195C6F6700EB265F /* Sources */ = {
			isa = PBXSourcesBuildPhase;
			buildActionMask = 2147483647;
			files = (
				A699344E195C6F6700EB265F /* BouncyViewTests.swift in Sources */,
			);
			runOnlyForDeploymentPostprocessing = 0;
		};
/* End PBXSourcesBuildPhase section */

/* Begin PBXTargetDependency section */
		A6993449195C6F6700EB265F /* PBXTargetDependency */ = {
			isa = PBXTargetDependency;
			target = A6993434195C6F6700EB265F /* BouncyView */;
			targetProxy = A6993448195C6F6700EB265F /* PBXContainerItemProxy */;
		};
/* End PBXTargetDependency section */

/* Begin PBXVariantGroup section */
		A699343E195C6F6700EB265F /* Main.storyboard */ = {
			isa = PBXVariantGroup;
			children = (
				A699343F195C6F6700EB265F /* Base */,
			);
			name = Main.storyboard;
			sourceTree = "<group>";
		};
/* End PBXVariantGroup section */

/* Begin XCBuildConfiguration section */
		A699344F195C6F6700EB265F /* Debug */ = {
			isa = XCBuildConfiguration;
			buildSettings = {
				ALWAYS_SEARCH_USER_PATHS = NO;
				CLANG_CXX_LANGUAGE_STANDARD = "gnu++0x";
				CLANG_CXX_LIBRARY = "libc++";
				CLANG_ENABLE_MODULES = YES;
				CLANG_ENABLE_OBJC_ARC = YES;
				CLANG_WARN_BOOL_CONVERSION = YES;
				CLANG_WARN_CONSTANT_CONVERSION = YES;
				CLANG_WARN_DIRECT_OBJC_ISA_USAGE = YES_ERROR;
				CLANG_WARN_EMPTY_BODY = YES;
				CLANG_WARN_ENUM_CONVERSION = YES;
				CLANG_WARN_INT_CONVERSION = YES;
				CLANG_WARN_OBJC_ROOT_CLASS = YES_ERROR;
				CLANG_WARN_UNREACHABLE_CODE = YES;
				CLANG_WARN__DUPLICATE_METHOD_MATCH = YES;
				"CODE_SIGN_IDENTITY[sdk=iphoneos*]" = "iPhone Developer";
				COPY_PHASE_STRIP = NO;
				ENABLE_STRICT_OBJC_MSGSEND = YES;
				GCC_C_LANGUAGE_STANDARD = gnu99;
				GCC_DYNAMIC_NO_PIC = NO;
				GCC_OPTIMIZATION_LEVEL = 0;
				GCC_PREPROCESSOR_DEFINITIONS = (
					"DEBUG=1",
					"$(inherited)",
				);
				GCC_SYMBOLS_PRIVATE_EXTERN = NO;
				GCC_WARN_64_TO_32_BIT_CONVERSION = YES;
				GCC_WARN_ABOUT_RETURN_TYPE = YES_ERROR;
				GCC_WARN_UNDECLARED_SELECTOR = YES;
				GCC_WARN_UNINITIALIZED_AUTOS = YES_AGGRESSIVE;
				GCC_WARN_UNUSED_FUNCTION = YES;
				GCC_WARN_UNUSED_VARIABLE = YES;
				IPHONEOS_DEPLOYMENT_TARGET = 8.0;
				METAL_ENABLE_DEBUG_INFO = YES;
				ONLY_ACTIVE_ARCH = YES;
				SDKROOT = iphoneos;
				SWIFT_OPTIMIZATION_LEVEL = "-Onone";
			};
			name = Debug;
		};
		A6993450195C6F6700EB265F /* Release */ = {
			isa = XCBuildConfiguration;
			buildSettings = {
				ALWAYS_SEARCH_USER_PATHS = NO;
				CLANG_CXX_LANGUAGE_STANDARD = "gnu++0x";
				CLANG_CXX_LIBRARY = "libc++";
				CLANG_ENABLE_MODULES = YES;
				CLANG_ENABLE_OBJC_ARC = YES;
				CLANG_WARN_BOOL_CONVERSION = YES;
				CLANG_WARN_CONSTANT_CONVERSION = YES;
				CLANG_WARN_DIRECT_OBJC_ISA_USAGE = YES_ERROR;
				CLANG_WARN_EMPTY_BODY = YES;
				CLANG_WARN_ENUM_CONVERSION = YES;
				CLANG_WARN_INT_CONVERSION = YES;
				CLANG_WARN_OBJC_ROOT_CLASS = YES_ERROR;
				CLANG_WARN_UNREACHABLE_CODE = YES;
				CLANG_WARN__DUPLICATE_METHOD_MATCH = YES;
				"CODE_SIGN_IDENTITY[sdk=iphoneos*]" = "iPhone Developer";
				COPY_PHASE_STRIP = YES;
				ENABLE_NS_ASSERTIONS = NO;
				ENABLE_STRICT_OBJC_MSGSEND = YES;
				GCC_C_LANGUAGE_STANDARD = gnu99;
				GCC_WARN_64_TO_32_BIT_CONVERSION = YES;
				GCC_WARN_ABOUT_RETURN_TYPE = YES_ERROR;
				GCC_WARN_UNDECLARED_SELECTOR = YES;
				GCC_WARN_UNINITIALIZED_AUTOS = YES_AGGRESSIVE;
				GCC_WARN_UNUSED_FUNCTION = YES;
				GCC_WARN_UNUSED_VARIABLE = YES;
				IPHONEOS_DEPLOYMENT_TARGET = 8.0;
				METAL_ENABLE_DEBUG_INFO = NO;
				SDKROOT = iphoneos;
				VALIDATE_PRODUCT = YES;
			};
			name = Release;
		};
		A6993452195C6F6700EB265F /* Debug */ = {
			isa = XCBuildConfiguration;
			buildSettings = {
				ASSETCATALOG_COMPILER_APPICON_NAME = AppIcon;
				ASSETCATALOG_COMPILER_LAUNCHIMAGE_NAME = LaunchImage;
				INFOPLIST_FILE = BouncyView/Info.plist;
				LD_RUNPATH_SEARCH_PATHS = "$(inherited) @executable_path/Frameworks";
				PRODUCT_NAME = "$(TARGET_NAME)";
			};
			name = Debug;
		};
		A6993453195C6F6700EB265F /* Release */ = {
			isa = XCBuildConfiguration;
			buildSettings = {
				ASSETCATALOG_COMPILER_APPICON_NAME = AppIcon;
				ASSETCATALOG_COMPILER_LAUNCHIMAGE_NAME = LaunchImage;
				INFOPLIST_FILE = BouncyView/Info.plist;
				LD_RUNPATH_SEARCH_PATHS = "$(inherited) @executable_path/Frameworks";
				PRODUCT_NAME = "$(TARGET_NAME)";
			};
			name = Release;
		};
		A6993455195C6F6700EB265F /* Debug */ = {
			isa = XCBuildConfiguration;
			buildSettings = {
				BUNDLE_LOADER = "$(BUILT_PRODUCTS_DIR)/BouncyView.app/BouncyView";
				FRAMEWORK_SEARCH_PATHS = (
					"$(SDKROOT)/Developer/Library/Frameworks",
					"$(inherited)",
				);
				GCC_PREPROCESSOR_DEFINITIONS = (
					"DEBUG=1",
					"$(inherited)",
				);
				INFOPLIST_FILE = BouncyViewTests/Info.plist;
				LD_RUNPATH_SEARCH_PATHS = "$(inherited) @executable_path/Frameworks @loader_path/Frameworks";
				METAL_ENABLE_DEBUG_INFO = YES;
				PRODUCT_NAME = "$(TARGET_NAME)";
				TEST_HOST = "$(BUNDLE_LOADER)";
			};
			name = Debug;
		};
		A6993456195C6F6700EB265F /* Release */ = {
			isa = XCBuildConfiguration;
			buildSettings = {
				BUNDLE_LOADER = "$(BUILT_PRODUCTS_DIR)/BouncyView.app/BouncyView";
				FRAMEWORK_SEARCH_PATHS = (
					"$(SDKROOT)/Developer/Library/Frameworks",
					"$(inherited)",
				);
				INFOPLIST_FILE = BouncyViewTests/Info.plist;
				LD_RUNPATH_SEARCH_PATHS = "$(inherited) @executable_path/Frameworks @loader_path/Frameworks";
				METAL_ENABLE_DEBUG_INFO = NO;
				PRODUCT_NAME = "$(TARGET_NAME)";
				TEST_HOST = "$(BUNDLE_LOADER)";
			};
			name = Release;
		};
/* End XCBuildConfiguration section */

/* Begin XCConfigurationList section */
		A6993430195C6F6700EB265F /* Build configuration list for PBXProject "BouncyView" */ = {
			isa = XCConfigurationList;
			buildConfigurations = (
				A699344F195C6F6700EB265F /* Debug */,
				A6993450195C6F6700EB265F /* Release */,
			);
			defaultConfigurationIsVisible = 0;
			defaultConfigurationName = Release;
		};
		A6993451195C6F6700EB265F /* Build configuration list for PBXNativeTarget "BouncyView" */ = {
			isa = XCConfigurationList;
			buildConfigurations = (
				A6993452195C6F6700EB265F /* Debug */,
				A6993453195C6F6700EB265F /* Release */,
			);
			defaultConfigurationIsVisible = 0;
		};
		A6993454195C6F6700EB265F /* Build configuration list for PBXNativeTarget "BouncyViewTests" */ = {
			isa = XCConfigurationList;
			buildConfigurations = (
				A6993455195C6F6700EB265F /* Debug */,
				A6993456195C6F6700EB265F /* Release */,
			);
			defaultConfigurationIsVisible = 0;
		};
/* End XCConfigurationList section */
	};
	rootObject = A699342D195C6F6700EB265F /* Project object */;
}
